{
  "name": "amp-tablepress",
  "version": "0.1.0",
  "lockfileVersion": 1,
  "requires": true,
  "dependencies": {
    "amp-script-simple-datatables": {
      "version": "github:westonruter/AMP-Script-Simple-DataTables#08411a2521ce630f896b781077b4bde40ed2a3b0",
      "from": "github:westonruter/AMP-Script-Simple-DataTables#v1.0.0",
      "requires": {
        "dayjs": "^1.8.14"
      }
    },
    "dayjs": {
      "version": "1.8.15",
      "resolved": "https://registry.npmjs.org/dayjs/-/dayjs-1.8.15.tgz",
      "integrity": "sha512-HYHCI1nohG52B45vCQg8Re3hNDZbMroWPkhz50yaX7Lu0ATyjGsTdoYZBpjED9ar6chqTx2dmSmM8A51mojnAg=="
    }
  }
}
